
Microsoft Visual Studio Solution File, Format Version 12.00
# Visual Studio Version 17
VisualStudioVersion = 17.4.33213.308
MinimumVisualStudioVersion = 10.0.40219.1
Project("{FAE04EC0-301F-11D3-BF4B-00C04F79EFBC}") = "TestingSoft_Backend", "TestingSoft_Backend\TestingSoft_Backend.csproj", "{440668B5-1717-40C6-8F34-DE34BE62D52F}"
EndProject
Global
	GlobalSection(SolutionConfigurationPlatforms) = preSolution
		Debug|Any CPU = Debug|Any CPU
		Release|Any CPU = Release|Any CPU
	EndGlobalSection
	GlobalSection(ProjectConfigurationPlatforms) = postSolution
		{440668B5-1717-40C6-8F34-DE34BE62D52F}.Debug|Any CPU.ActiveCfg = Debug|Any CPU
		{440668B5-1717-40C6-8F34-DE34BE62D52F}.Debug|Any CPU.Build.0 = Debug|Any CPU
		{440668B5-1717-40C6-8F34-DE34BE62D52F}.Release|Any CPU.ActiveCfg = Release|Any CPU
		{440668B5-1717-40C6-8F34-DE34BE62D52F}.Release|Any CPU.Build.0 = Release|Any CPU
	EndGlobalSection
	GlobalSection(SolutionProperties) = preSolution
		HideSolutionNode = FALSE
	EndGlobalSection
	GlobalSection(ExtensibilityGlobals) = postSolution
		SolutionGuid = {9ECC8421-41B5-4FB3-B3F5-53CF0A52F91D}
	EndGlobalSection
EndGlobal
